// !$*UTF8*$!
{
	archiveVersion = 1;
	classes = {
	};
	objectVersion = 48;
	objects = {

/* Begin PBXBuildFile section */
		F932DDE71F93F460000E2CD8 /* AppDelegate.swift in Sources */ = {isa = PBXBuildFile; fileRef = F932DDE61F93F460000E2CD8 /* AppDelegate.swift */; };
		F932DDE91F93F460000E2CD8 /* ViewController.swift in Sources */ = {isa = PBXBuildFile; fileRef = F932DDE81F93F460000E2CD8 /* ViewController.swift */; };
		F932DDEC1F93F460000E2CD8 /* Main.storyboard in Resources */ = {isa = PBXBuildFile; fileRef = F932DDEA1F93F460000E2CD8 /* Main.storyboard */; };
		F932DDEE1F93F460000E2CD8 /* Assets.xcassets in Resources */ = {isa = PBXBuildFile; fileRef = F932DDED1F93F460000E2CD8 /* Assets.xcassets */; };
		F932DDF11F93F460000E2CD8 /* LaunchScreen.storyboard in Resources */ = {isa = PBXBuildFile; fileRef = F932DDEF1F93F460000E2CD8 /* LaunchScreen.storyboard */; };
		F932DDFC1F93F460000E2CD8 /* AnimationsProjectTests.swift in Sources */ = {isa = PBXBuildFile; fileRef = F932DDFB1F93F460000E2CD8 /* AnimationsProjectTests.swift */; };
		F932DE071F93F460000E2CD8 /* AnimationsProjectUITests.swift in Sources */ = {isa = PBXBuildFile; fileRef = F932DE061F93F460000E2CD8 /* AnimationsProjectUITests.swift */; };
/* End PBXBuildFile section */

/* Begin PBXContainerItemProxy section */
		F932DDF81F93F460000E2CD8 /* PBXContainerItemProxy */ = {
			isa = PBXContainerItemProxy;
			containerPortal = F932DDDB1F93F45F000E2CD8 /* Project object */;
			proxyType = 1;
			remoteGlobalIDString = F932DDE21F93F460000E2CD8;
			remoteInfo = AnimationsProject;
		};
		F932DE031F93F460000E2CD8 /* PBXContainerItemProxy */ = {
			isa = PBXContainerItemProxy;
			containerPortal = F932DDDB1F93F45F000E2CD8 /* Project object */;
			proxyType = 1;
			remoteGlobalIDString = F932DDE21F93F460000E2CD8;
			remoteInfo = AnimationsProject;
		};
/* End PBXContainerItemProxy section */

/* Begin PBXFileReference section */
		F932DDE31F93F460000E2CD8 /* AnimationsProject.app */ = {isa = PBXFileReference; explicitFileType = wrapper.application; includeInIndex = 0; path = AnimationsProject.app; sourceTree = BUILT_PRODUCTS_DIR; };
		F932DDE61F93F460000E2CD8 /* AppDelegate.swift */ = {isa = PBXFileReference; lastKnownFileType = sourcecode.swift; path = AppDelegate.swift; sourceTree = "<group>"; };
		F932DDE81F93F460000E2CD8 /* ViewController.swift */ = {isa = PBXFileReference; lastKnownFileType = sourcecode.swift; path = ViewController.swift; sourceTree = "<group>"; };
		F932DDEB1F93F460000E2CD8 /* Base */ = {isa = PBXFileReference; lastKnownFileType = file.storyboard; name = Base; path = Base.lproj/Main.storyboard; sourceTree = "<group>"; };
		F932DDED1F93F460000E2CD8 /* Assets.xcassets */ = {isa = PBXFileReference; lastKnownFileType = folder.assetcatalog; path = Assets.xcassets; sourceTree = "<group>"; };
		F932DDF01F93F460000E2CD8 /* Base */ = {isa = PBXFileReference; lastKnownFileType = file.storyboard; name = Base; path = Base.lproj/LaunchScreen.storyboard; sourceTree = "<group>"; };
		F932DDF21F93F460000E2CD8 /* Info.plist */ = {isa = PBXFileReference; lastKnownFileType = text.plist.xml; path = Info.plist; sourceTree = "<group>"; };
		F932DDF71F93F460000E2CD8 /* AnimationsProjectTests.xctest */ = {isa = PBXFileReference; explicitFileType = wrapper.cfbundle; includeInIndex = 0; path = AnimationsProjectTests.xctest; sourceTree = BUILT_PRODUCTS_DIR; };
		F932DDFB1F93F460000E2CD8 /* AnimationsProjectTests.swift */ = {isa = PBXFileReference; lastKnownFileType = sourcecode.swift; path = AnimationsProjectTests.swift; sourceTree = "<group>"; };
		F932DDFD1F93F460000E2CD8 /* Info.plist */ = {isa = PBXFileReference; lastKnownFileType = text.plist.xml; path = Info.plist; sourceTree = "<group>"; };
		F932DE021F93F460000E2CD8 /* AnimationsProjectUITests.xctest */ = {isa = PBXFileReference; explicitFileType = wrapper.cfbundle; includeInIndex = 0; path = AnimationsProjectUITests.xctest; sourceTree = BUILT_PRODUCTS_DIR; };
		F932DE061F93F460000E2CD8 /* AnimationsProjectUITests.swift */ = {isa = PBXFileReference; lastKnownFileType = sourcecode.swift; path = AnimationsProjectUITests.swift; sourceTree = "<group>"; };
		F932DE081F93F460000E2CD8 /* Info.plist */ = {isa = PBXFileReference; lastKnownFileType = text.plist.xml; path = Info.plist; sourceTree = "<group>"; };
/* End PBXFileReference section */

/* Begin PBXFrameworksBuildPhase section */
		F932DDE01F93F460000E2CD8 /* Frameworks */ = {
			isa = PBXFrameworksBuildPhase;
			buildActionMask = 2147483647;
			files = (
			);
			runOnlyForDeploymentPostprocessing = 0;
		};
		F932DDF41F93F460000E2CD8 /* Frameworks */ = {
			isa = PBXFrameworksBuildPhase;
			buildActionMask = 2147483647;
			files = (
			);
			runOnlyForDeploymentPostprocessing = 0;
		};
		F932DDFF1F93F460000E2CD8 /* Frameworks */ = {
			isa = PBXFrameworksBuildPhase;
			buildActionMask = 2147483647;
			files = (
			);
			runOnlyForDeploymentPostprocessing = 0;
		};
/* End PBXFrameworksBuildPhase section */

/* Begin PBXGroup section */
		F932DDDA1F93F45F000E2CD8 = {
			isa = PBXGroup;
			children = (
				F932DDE51F93F460000E2CD8 /* AnimationsProject */,
				F932DDFA1F93F460000E2CD8 /* AnimationsProjectTests */,
				F932DE051F93F460000E2CD8 /* AnimationsProjectUITests */,
				F932DDE41F93F460000E2CD8 /* Products */,
			);
			sourceTree = "<group>";
		};
		F932DDE41F93F460000E2CD8 /* Products */ = {
			isa = PBXGroup;
			children = (
				F932DDE31F93F460000E2CD8 /* AnimationsProject.app */,
				F932DDF71F93F460000E2CD8 /* AnimationsProjectTests.xctest */,
				F932DE021F93F460000E2CD8 /* AnimationsProjectUITests.xctest */,
			);
			name = Products;
			sourceTree = "<group>";
		};
		F932DDE51F93F460000E2CD8 /* AnimationsProject */ = {
			isa = PBXGroup;
			children = (
				F932DDE61F93F460000E2CD8 /* AppDelegate.swift */,
				F932DDE81F93F460000E2CD8 /* ViewController.swift */,
				F932DDEA1F93F460000E2CD8 /* Main.storyboard */,
				F932DDED1F93F460000E2CD8 /* Assets.xcassets */,
				F932DDEF1F93F460000E2CD8 /* LaunchScreen.storyboard */,
				F932DDF21F93F460000E2CD8 /* Info.plist */,
			);
			path = AnimationsProject;
			sourceTree = "<group>";
		};
		F932DDFA1F93F460000E2CD8 /* AnimationsProjectTests */ = {
			isa = PBXGroup;
			children = (
				F932DDFB1F93F460000E2CD8 /* AnimationsProjectTests.swift */,
				F932DDFD1F93F460000E2CD8 /* Info.plist */,
			);
			path = AnimationsProjectTests;
			sourceTree = "<group>";
		};
		F932DE051F93F460000E2CD8 /* AnimationsProjectUITests */ = {
			isa = PBXGroup;
			children = (
				F932DE061F93F460000E2CD8 /* AnimationsProjectUITests.swift */,
				F932DE081F93F460000E2CD8 /* Info.plist */,
			);
			path = AnimationsProjectUITests;
			sourceTree = "<group>";
		};
/* End PBXGroup section */

/* Begin PBXNativeTarget section */
		F932DDE21F93F460000E2CD8 /* AnimationsProject */ = {
			isa = PBXNativeTarget;
			buildConfigurationList = F932DE0B1F93F460000E2CD8 /* Build configuration list for PBXNativeTarget "AnimationsProject" */;
			buildPhases = (
				F932DDDF1F93F460000E2CD8 /* Sources */,
				F932DDE01F93F460000E2CD8 /* Frameworks */,
				F932DDE11F93F460000E2CD8 /* Resources */,
			);
			buildRules = (
			);
			dependencies = (
			);
			name = AnimationsProject;
			productName = AnimationsProject;
			productReference = F932DDE31F93F460000E2CD8 /* AnimationsProject.app */;
			productType = "com.apple.product-type.application";
		};
		F932DDF61F93F460000E2CD8 /* AnimationsProjectTests */ = {
			isa = PBXNativeTarget;
			buildConfigurationList = F932DE0E1F93F460000E2CD8 /* Build configuration list for PBXNativeTarget "AnimationsProjectTests" */;
			buildPhases = (
				F932DDF31F93F460000E2CD8 /* Sources */,
				F932DDF41F93F460000E2CD8 /* Frameworks */,
				F932DDF51F93F460000E2CD8 /* Resources */,
			);
			buildRules = (
			);
			dependencies = (
				F932DDF91F93F460000E2CD8 /* PBXTargetDependency */,
			);
			name = AnimationsProjectTests;
			productName = AnimationsProjectTests;
			productReference = F932DDF71F93F460000E2CD8 /* AnimationsProjectTests.xctest */;
			productType = "com.apple.product-type.bundle.unit-test";
		};
		F932DE011F93F460000E2CD8 /* AnimationsProjectUITests */ = {
			isa = PBXNativeTarget;
			buildConfigurationList = F932DE111F93F460000E2CD8 /* Build configuration list for PBXNativeTarget "AnimationsProjectUITests" */;
			buildPhases = (
				F932DDFE1F93F460000E2CD8 /* Sources */,
				F932DDFF1F93F460000E2CD8 /* Frameworks */,
				F932DE001F93F460000E2CD8 /* Resources */,
			);
			buildRules = (
			);
			dependencies = (
				F932DE041F93F460000E2CD8 /* PBXTargetDependency */,
			);
			name = AnimationsProjectUITests;
			productName = AnimationsProjectUITests;
			productReference = F932DE021F93F460000E2CD8 /* AnimationsProjectUITests.xctest */;
			productType = "com.apple.product-type.bundle.ui-testing";
		};
/* End PBXNativeTarget section */

/* Begin PBXProject section */
		F932DDDB1F93F45F000E2CD8 /* Project object */ = {
			isa = PBXProject;
			attributes = {
				LastSwiftUpdateCheck = 0900;
				LastUpgradeCheck = 0900;
				ORGANIZATIONNAME = Nandu;
				TargetAttributes = {
					F932DDE21F93F460000E2CD8 = {
						CreatedOnToolsVersion = 9.0;
						ProvisioningStyle = Automatic;
					};
					F932DDF61F93F460000E2CD8 = {
						CreatedOnToolsVersion = 9.0;
						ProvisioningStyle = Automatic;
						TestTargetID = F932DDE21F93F460000E2CD8;
					};
					F932DE011F93F460000E2CD8 = {
						CreatedOnToolsVersion = 9.0;
						ProvisioningStyle = Automatic;
						TestTargetID = F932DDE21F93F460000E2CD8;
					};
				};
			};
			buildConfigurationList = F932DDDE1F93F45F000E2CD8 /* Build configuration list for PBXProject "AnimationsProject" */;
			compatibilityVersion = "Xcode 8.0";
			developmentRegion = en;
			hasScannedForEncodings = 0;
			knownRegions = (
				en,
				Base,
			);
			mainGroup = F932DDDA1F93F45F000E2CD8;
			productRefGroup = F932DDE41F93F460000E2CD8 /* Products */;
			projectDirPath = "";
			projectRoot = "";
			targets = (
				F932DDE21F93F460000E2CD8 /* AnimationsProject */,
				F932DDF61F93F460000E2CD8 /* AnimationsProjectTests */,
				F932DE011F93F460000E2CD8 /* AnimationsProjectUITests */,
			);
		};
/* End PBXProject section */

/* Begin PBXResourcesBuildPhase section */
		F932DDE11F93F460000E2CD8 /* Resources */ = {
			isa = PBXResourcesBuildPhase;
			buildActionMask = 2147483647;
			files = (
				F932DDF11F93F460000E2CD8 /* LaunchScreen.storyboard in Resources */,
				F932DDEE1F93F460000E2CD8 /* Assets.xcassets in Resources */,
				F932DDEC1F93F460000E2CD8 /* Main.storyboard in Resources */,
			);
			runOnlyForDeploymentPostprocessing = 0;
		};
		F932DDF51F93F460000E2CD8 /* Resources */ = {
			isa = PBXResourcesBuildPhase;
			buildActionMask = 2147483647;
			files = (
			);
			runOnlyForDeploymentPostprocessing = 0;
		};
		F932DE001F93F460000E2CD8 /* Resources */ = {
			isa = PBXResourcesBuildPhase;
			buildActionMask = 2147483647;
			files = (
			);
			runOnlyForDeploymentPostprocessing = 0;
		};
/* End PBXResourcesBuildPhase section */

/* Begin PBXSourcesBuildPhase section */
		F932DDDF1F93F460000E2CD8 /* Sources */ = {
			isa = PBXSourcesBuildPhase;
			buildActionMask = 2147483647;
			files = (
				F932DDE91F93F460000E2CD8 /* ViewController.swift in Sources */,
				F932DDE71F93F460000E2CD8 /* AppDelegate.swift in Sources */,
			);
			runOnlyForDeploymentPostprocessing = 0;
		};
		F932DDF31F93F460000E2CD8 /* Sources */ = {
			isa = PBXSourcesBuildPhase;
			buildActionMask = 2147483647;
			files = (
				F932DDFC1F93F460000E2CD8 /* AnimationsProjectTests.swift in Sources */,
			);
			runOnlyForDeploymentPostprocessing = 0;
		};
		F932DDFE1F93F460000E2CD8 /* Sources */ = {
			isa = PBXSourcesBuildPhase;
			buildActionMask = 2147483647;
			files = (
				F932DE071F93F460000E2CD8 /* AnimationsProjectUITests.swift in Sources */,
			);
			runOnlyForDeploymentPostprocessing = 0;
		};
/* End PBXSourcesBuildPhase section */

/* Begin PBXTargetDependency section */
		F932DDF91F93F460000E2CD8 /* PBXTargetDependency */ = {
			isa = PBXTargetDependency;
			target = F932DDE21F93F460000E2CD8 /* AnimationsProject */;
			targetProxy = F932DDF81F93F460000E2CD8 /* PBXContainerItemProxy */;
		};
		F932DE041F93F460000E2CD8 /* PBXTargetDependency */ = {
			isa = PBXTargetDependency;
			target = F932DDE21F93F460000E2CD8 /* AnimationsProject */;
			targetProxy = F932DE031F93F460000E2CD8 /* PBXContainerItemProxy */;
		};
/* End PBXTargetDependency section */

/* Begin PBXVariantGroup section */
		F932DDEA1F93F460000E2CD8 /* Main.storyboard */ = {
			isa = PBXVariantGroup;
			children = (
				F932DDEB1F93F460000E2CD8 /* Base */,
			);
			name = Main.storyboard;
			sourceTree = "<group>";
		};
		F932DDEF1F93F460000E2CD8 /* LaunchScreen.storyboard */ = {
			isa = PBXVariantGroup;
			children = (
				F932DDF01F93F460000E2CD8 /* Base */,
			);
			name = LaunchScreen.storyboard;
			sourceTree = "<group>";
		};
/* End PBXVariantGroup section */

/* Begin XCBuildConfiguration section */
		F932DE091F93F460000E2CD8 /* Debug */ = {
			isa = XCBuildConfiguration;
			buildSettings = {
				ALWAYS_SEARCH_USER_PATHS = NO;
				CLANG_ANALYZER_NONNULL = YES;
				CLANG_ANALYZER_NUMBER_OBJECT_CONVERSION = YES_AGGRESSIVE;
				CLANG_CXX_LANGUAGE_STANDARD = "gnu++14";
				CLANG_CXX_LIBRARY = "libc++";
				CLANG_ENABLE_MODULES = YES;
				CLANG_ENABLE_OBJC_ARC = YES;
				CLANG_WARN_BLOCK_CAPTURE_AUTORELEASING = YES;
				CLANG_WARN_BOOL_CONVERSION = YES;
				CLANG_WARN_COMMA = YES;
				CLANG_WARN_CONSTANT_CONVERSION = YES;
				CLANG_WARN_DIRECT_OBJC_ISA_USAGE = YES_ERROR;
				CLANG_WARN_DOCUMENTATION_COMMENTS = YES;
				CLANG_WARN_EMPTY_BODY = YES;
				CLANG_WARN_ENUM_CONVERSION = YES;
				CLANG_WARN_INFINITE_RECURSION = YES;
				CLANG_WARN_INT_CONVERSION = YES;
				CLANG_WARN_NON_LITERAL_NULL_CONVERSION = YES;
				CLANG_WARN_OBJC_LITERAL_CONVERSION = YES;
				CLANG_WARN_OBJC_ROOT_CLASS = YES_ERROR;
				CLANG_WARN_RANGE_LOOP_ANALYSIS = YES;
				CLANG_WARN_STRICT_PROTOTYPES = YES;
				CLANG_WARN_SUSPICIOUS_MOVE = YES;
				CLANG_WARN_UNGUARDED_AVAILABILITY = YES_AGGRESSIVE;
				CLANG_WARN_UNREACHABLE_CODE = YES;
				CLANG_WARN__DUPLICATE_METHOD_MATCH = YES;
				CODE_SIGN_IDENTITY = "iPhone Developer";
				COPY_PHASE_STRIP = NO;
				DEBUG_INFORMATION_FORMAT = dwarf;
				ENABLE_STRICT_OBJC_MSGSEND = YES;
				ENABLE_TESTABILITY = YES;
				GCC_C_LANGUAGE_STANDARD = gnu11;
				GCC_DYNAMIC_NO_PIC = NO;
				GCC_NO_COMMON_BLOCKS = YES;
				GCC_OPTIMIZATION_LEVEL = 0;
				GCC_PREPROCESSOR_DEFINITIONS = (
					"DEBUG=1",
					"$(inherited)",
				);
				GCC_WARN_64_TO_32_BIT_CONVERSION = YES;
				GCC_WARN_ABOUT_RETURN_TYPE = YES_ERROR;
				GCC_WARN_UNDECLARED_SELECTOR = YES;
				GCC_WARN_UNINITIALIZED_AUTOS = YES_AGGRESSIVE;
				GCC_WARN_UNUSED_FUNCTION = YES;
				GCC_WARN_UNUSED_VARIABLE = YES;
				IPHONEOS_DEPLOYMENT_TARGET = 11.0;
				MTL_ENABLE_DEBUG_INFO = YES;
				ONLY_ACTIVE_ARCH = YES;
				SDKROOT = iphoneos;
				SWIFT_ACTIVE_COMPILATION_CONDITIONS = DEBUG;
				SWIFT_OPTIMIZATION_LEVEL = "-Onone";
			};
			name = Debug;
		};
		F932DE0A1F93F460000E2CD8 /* Release */ = {
			isa = XCBuildConfiguration;
			buildSettings = {
				ALWAYS_SEARCH_USER_PATHS = NO;
				CLANG_ANALYZER_NONNULL = YES;
				CLANG_ANALYZER_NUMBER_OBJECT_CONVERSION = YES_AGGRESSIVE;
				CLANG_CXX_LANGUAGE_STANDARD = "gnu++14";
				CLANG_CXX_LIBRARY = "libc++";
				CLANG_ENABLE_MODULES = YES;
				CLANG_ENABLE_OBJC_ARC = YES;
				CLANG_WARN_BLOCK_CAPTURE_AUTORELEASING = YES;
				CLANG_WARN_BOOL_CONVERSION = YES;
				CLANG_WARN_COMMA = YES;
				CLANG_WARN_CONSTANT_CONVERSION = YES;
				CLANG_WARN_DIRECT_OBJC_ISA_USAGE = YES_ERROR;
				CLANG_WARN_DOCUMENTATION_COMMENTS = YES;
				CLANG_WARN_EMPTY_BODY = YES;
				CLANG_WARN_ENUM_CONVERSION = YES;
				CLANG_WARN_INFINITE_RECURSION = YES;
				CLANG_WARN_INT_CONVERSION = YES;
				CLANG_WARN_NON_LITERAL_NULL_CONVERSION = YES;
				CLANG_WARN_OBJC_LITERAL_CONVERSION = YES;
				CLANG_WARN_OBJC_ROOT_CLASS = YES_ERROR;
				CLANG_WARN_RANGE_LOOP_ANALYSIS = YES;
				CLANG_WARN_STRICT_PROTOTYPES = YES;
				CLANG_WARN_SUSPICIOUS_MOVE = YES;
				CLANG_WARN_UNGUARDED_AVAILABILITY = YES_AGGRESSIVE;
				CLANG_WARN_UNREACHABLE_CODE = YES;
				CLANG_WARN__DUPLICATE_METHOD_MATCH = YES;
				CODE_SIGN_IDENTITY = "iPhone Developer";
				COPY_PHASE_STRIP = NO;
				DEBUG_INFORMATION_FORMAT = "dwarf-with-dsym";
				ENABLE_NS_ASSERTIONS = NO;
				ENABLE_STRICT_OBJC_MSGSEND = YES;
				GCC_C_LANGUAGE_STANDARD = gnu11;
				GCC_NO_COMMON_BLOCKS = YES;
				GCC_WARN_64_TO_32_BIT_CONVERSION = YES;
				GCC_WARN_ABOUT_RETURN_TYPE = YES_ERROR;
				GCC_WARN_UNDECLARED_SELECTOR = YES;
				GCC_WARN_UNINITIALIZED_AUTOS = YES_AGGRESSIVE;
				GCC_WARN_UNUSED_FUNCTION = YES;
				GCC_WARN_UNUSED_VARIABLE = YES;
				IPHONEOS_DEPLOYMENT_TARGET = 11.0;
				MTL_ENABLE_DEBUG_INFO = NO;
				SDKROOT = iphoneos;
				SWIFT_OPTIMIZATION_LEVEL = "-Owholemodule";
				VALIDATE_PRODUCT = YES;
			};
			name = Release;
		};
		F932DE0C1F93F460000E2CD8 /* Debug */ = {
			isa = XCBuildConfiguration;
			buildSettings = {
				ASSETCATALOG_COMPILER_APPICON_NAME = AppIcon;
				CODE_SIGN_STYLE = Automatic;
				DEVELOPMENT_TEAM = NV5FC9D2Q9;
				INFOPLIST_FILE = AnimationsProject/Info.plist;
				LD_RUNPATH_SEARCH_PATHS = "$(inherited) @executable_path/Frameworks";
				PRODUCT_BUNDLE_IDENTIFIER = com.nandu.AnimationsProject;
				PRODUCT_NAME = "$(TARGET_NAME)";
				SWIFT_VERSION = 4.0;
				TARGETED_DEVICE_FAMILY = "1,2";
			};
			name = Debug;
		};
		F932DE0D1F93F460000E2CD8 /* Release */ = {
			isa = XCBuildConfiguration;
			buildSettings = {
				ASSETCATALOG_COMPILER_APPICON_NAME = AppIcon;
				CODE_SIGN_STYLE = Automatic;
				DEVELOPMENT_TEAM = NV5FC9D2Q9;
				INFOPLIST_FILE = AnimationsProject/Info.plist;
				LD_RUNPATH_SEARCH_PATHS = "$(inherited) @executable_path/Frameworks";
				PRODUCT_BUNDLE_IDENTIFIER = com.nandu.AnimationsProject;
				PRODUCT_NAME = "$(TARGET_NAME)";
				SWIFT_VERSION = 4.0;
				TARGETED_DEVICE_FAMILY = "1,2";
			};
			name = Release;
		};
		F932DE0F1F93F460000E2CD8 /* Debug */ = {
			isa = XCBuildConfiguration;
			buildSettings = {
				ALWAYS_EMBED_SWIFT_STANDARD_LIBRARIES = YES;
				BUNDLE_LOADER = "$(TEST_HOST)";
				CODE_SIGN_STYLE = Automatic;
				DEVELOPMENT_TEAM = NV5FC9D2Q9;
				INFOPLIST_FILE = AnimationsProjectTests/Info.plist;
				LD_RUNPATH_SEARCH_PATHS = "$(inherited) @executable_path/Frameworks @loader_path/Frameworks";
				PRODUCT_BUNDLE_IDENTIFIER = com.nandu.AnimationsProjectTests;
				PRODUCT_NAME = "$(TARGET_NAME)";
				SWIFT_VERSION = 4.0;
				TARGETED_DEVICE_FAMILY = "1,2";
				TEST_HOST = "$(BUILT_PRODUCTS_DIR)/AnimationsProject.app/AnimationsProject";
			};
			name = Debug;
		};
		F932DE101F93F460000E2CD8 /* Release */ = {
			isa = XCBuildConfiguration;
			buildSettings = {
				ALWAYS_EMBED_SWIFT_STANDARD_LIBRARIES = YES;
				BUNDLE_LOADER = "$(TEST_HOST)";
				CODE_SIGN_STYLE = Automatic;
				DEVELOPMENT_TEAM = NV5FC9D2Q9;
				INFOPLIST_FILE = AnimationsProjectTests/Info.plist;
				LD_RUNPATH_SEARCH_PATHS = "$(inherited) @executable_path/Frameworks @loader_path/Frameworks";
				PRODUCT_BUNDLE_IDENTIFIER = com.nandu.AnimationsProjectTests;
				PRODUCT_NAME = "$(TARGET_NAME)";
				SWIFT_VERSION = 4.0;
				TARGETED_DEVICE_FAMILY = "1,2";
				TEST_HOST = "$(BUILT_PRODUCTS_DIR)/AnimationsProject.app/AnimationsProject";
			};
			name = Release;
		};
		F932DE121F93F460000E2CD8 /* Debug */ = {
			isa = XCBuildConfiguration;
			buildSettings = {
				ALWAYS_EMBED_SWIFT_STANDARD_LIBRARIES = YES;
				CODE_SIGN_STYLE = Automatic;
				DEVELOPMENT_TEAM = NV5FC9D2Q9;
				INFOPLIST_FILE = AnimationsProjectUITests/Info.plist;
				LD_RUNPATH_SEARCH_PATHS = "$(inherited) @executable_path/Frameworks @loader_path/Frameworks";
				PRODUCT_BUNDLE_IDENTIFIER = com.nandu.AnimationsProjectUITests;
				PRODUCT_NAME = "$(TARGET_NAME)";
				SWIFT_VERSION = 4.0;
				TARGETED_DEVICE_FAMILY = "1,2";
				TEST_TARGET_NAME = AnimationsProject;
			};
			name = Debug;
		};
		F932DE131F93F460000E2CD8 /* Release */ = {
			isa = XCBuildConfiguration;
			buildSettings = {
				ALWAYS_EMBED_SWIFT_STANDARD_LIBRARIES = YES;
				CODE_SIGN_STYLE = Automatic;
				DEVELOPMENT_TEAM = NV5FC9D2Q9;
				INFOPLIST_FILE = AnimationsProjectUITests/Info.plist;
				LD_RUNPATH_SEARCH_PATHS = "$(inherited) @executable_path/Frameworks @loader_path/Frameworks";
				PRODUCT_BUNDLE_IDENTIFIER = com.nandu.AnimationsProjectUITests;
				PRODUCT_NAME = "$(TARGET_NAME)";
				SWIFT_VERSION = 4.0;
				TARGETED_DEVICE_FAMILY = "1,2";
				TEST_TARGET_NAME = AnimationsProject;
			};
			name = Release;
		};
/* End XCBuildConfiguration section */

/* Begin XCConfigurationList section */
		F932DDDE1F93F45F000E2CD8 /* Build configuration list for PBXProject "AnimationsProject" */ = {
			isa = XCConfigurationList;
			buildConfigurations = (
				F932DE091F93F460000E2CD8 /* Debug */,
				F932DE0A1F93F460000E2CD8 /* Release */,
			);
			defaultConfigurationIsVisible = 0;
			defaultConfigurationName = Release;
		};
		F932DE0B1F93F460000E2CD8 /* Build configuration list for PBXNativeTarget "AnimationsProject" */ = {
			isa = XCConfigurationList;
			buildConfigurations = (
				F932DE0C1F93F460000E2CD8 /* Debug */,
				F932DE0D1F93F460000E2CD8 /* Release */,
			);
			defaultConfigurationIsVisible = 0;
			defaultConfigurationName = Release;
		};
		F932DE0E1F93F460000E2CD8 /* Build configuration list for PBXNativeTarget "AnimationsProjectTests" */ = {
			isa = XCConfigurationList;
			buildConfigurations = (
				F932DE0F1F93F460000E2CD8 /* Debug */,
				F932DE101F93F460000E2CD8 /* Release */,
			);
			defaultConfigurationIsVisible = 0;
			defaultConfigurationName = Release;
		};
		F932DE111F93F460000E2CD8 /* Build configuration list for PBXNativeTarget "AnimationsProjectUITests" */ = {
			isa = XCConfigurationList;
			buildConfigurations = (
				F932DE121F93F460000E2CD8 /* Debug */,
				F932DE131F93F460000E2CD8 /* Release */,
			);
			defaultConfigurationIsVisible = 0;
			defaultConfigurationName = Release;
		};
/* End XCConfigurationList section */
	};
	rootObject = F932DDDB1F93F45F000E2CD8 /* Project object */;
}
